{"name":"gha-uses","key":"actions/checkout","version":"v3"}
{"name":"gha-uses","key":"actions/setup-go","version":"v3"}
{"name":"gha-uses","key":"actions/stale","version":"v7"}
{"name":"gha-uses","key":"actions/upload-artifact","version":"v3"}
{"name":"gha-uses","key":"docker/build-push-action","version":"v4"}
{"name":"gha-uses","key":"docker/login-action","version":"v2"}
{"name":"gha-uses","key":"docker/setup-buildx-action","version":"v2"}
{"name":"gha-uses","key":"softprops/action-gh-release","version":"v1"}
{"name":"git-commit","key":"https://github.com/GoogleCloudPlatform/docker-credential-gcr.git:master","version":"2063cdd61a5089dcb057624f7b1ab12786981cd8"}
{"name":"git-commit","key":"https://github.com/awslabs/amazon-ecr-credential-helper.git:main","version":"feb497de7dbcd593de0ef828a114dbb6cab6d6f5"}
{"name":"git-commit","key":"https://github.com/grafi-tt/lunajson.git:master","version":"e6063d37de97dfdfe2749e24de949472bfad0945"}
{"name":"git-commit","key":"https://github.com/kikito/semver.lua.git:master","version":"af495adc857d51fd1507a112be18523828a1da0d"}
{"name":"registry-digest-arg","key":"alpine:3","version":"sha256:69665d02cb32192e52e07644d76bc6f25abeb5410edc1c7a81a10ba3f0efb90a"}
{"name":"registry-digest-arg","key":"golang:1.19-alpine","version":"sha256:2381c1e5f8350a901597d633b2e517775eeac7a6682be39225a93b22cfd0f8bb"}
{"name":"registry-digest-arg","key":"golang:1.20-alpine","version":"sha256:48f336ef8366b9d6246293e3047259d0f614ee167db1869bdbc343d6e09aed8a"}
