{"name":"docker-arg-alpine-digest","key":"docker.io/library/alpine:3.24.1","version":"sha256:28bd5fe8b56d1bd048e5babf5b10710ebe0bae67db86916198a6eec434943f8b"}
{"name":"docker-arg-alpine-tag","key":"docker.io/library/alpine","version":"3.24.1"}
{"name":"docker-arg-ecr","key":"https://github.com/awslabs/amazon-ecr-credential-helper.git","version":"v0.12.0"}
{"name":"docker-arg-gcr","key":"https://github.com/GoogleCloudPlatform/docker-credential-gcr.git","version":"v2.1.32"}
{"name":"docker-arg-go-digest","key":"docker.io/library/golang:1.26.4-alpine","version":"sha256:3ad57304ad93bbec8548a0437ad9e06a455660655d9af011d58b993f6f615648"}
{"name":"docker-arg-go-tag","key":"docker.io/library/golang","version":"1.26.4"}
{"name":"docker-arg-lunajson","key":"https://github.com/grafi-tt/lunajson.git:master","version":"e3a9666eb1275741e887e29926b144f8daee3bef"}
{"name":"docker-arg-semver","key":"https://github.com/kikito/semver.lua.git:master","version":"a4b708ba243208d46e575da870af969dca46a94d"}
{"name":"gha-alpine-digest","key":"docker.io/library/alpine:3.24.1","version":"sha256:28bd5fe8b56d1bd048e5babf5b10710ebe0bae67db86916198a6eec434943f8b"}
{"name":"gha-alpine-tag-base","key":"docker.io/library/alpine","version":"3"}
{"name":"gha-alpine-tag-comment","key":"docker.io/library/alpine","version":"3.24.1"}
{"name":"gha-cosign-version","key":"https://github.com/sigstore/cosign.git","version":"v3.1.1"}
{"name":"gha-golang-matrix","key":"golang-matrix","version":"[\"1.25\", \"1.26\"]"}
{"name":"gha-golang-release","key":"golang-latest","version":"1.26"}
{"name":"gha-syft-version","key":"docker.io/anchore/syft","version":"v1.46.0"}
{"name":"gha-uses-commit","key":"https://github.com/actions/checkout.git:v7.0.0","version":"9c091bb21b7c1c1d1991bb908d89e4e9dddfe3e0"}
{"name":"gha-uses-commit","key":"https://github.com/actions/setup-go.git:v6.5.0","version":"924ae3a1cded613372ab5595356fb5720e22ba16"}
{"name":"gha-uses-commit","key":"https://github.com/actions/stale.git:v10.3.0","version":"eb5cf3af3ac0a1aa4c9c45633dd1ae542a27a899"}
{"name":"gha-uses-commit","key":"https://github.com/actions/upload-artifact.git:v7.0.1","version":"043fb46d1a93c77aae656e7c1c64a875d1fc6a0a"}
{"name":"gha-uses-commit","key":"https://github.com/anchore/sbom-action.git:v0.24.0","version":"e22c389904149dbc22b58101806040fa8d37a610"}
{"name":"gha-uses-commit","key":"https://github.com/docker/build-push-action.git:v7.2.0","version":"f9f3042f7e2789586610d6e8b85c8f03e5195baf"}
{"name":"gha-uses-commit","key":"https://github.com/docker/login-action.git:v4.2.0","version":"650006c6eb7dba73a995cc03b0b2d7f5ca915bee"}
{"name":"gha-uses-commit","key":"https://github.com/docker/setup-buildx-action.git:v4.1.0","version":"d7f5e7f509e45cec5c76c4d5afdd7de93d0b3df5"}
{"name":"gha-uses-commit","key":"https://github.com/regclient/actions.git:main","version":"4b4db1dcc7dad75ad67a788a380f75a20cc8a040"}
{"name":"gha-uses-commit","key":"https://github.com/sigstore/cosign-installer.git:v4.1.2","version":"6f9f17788090df1f26f669e9d70d6ae9567deba6"}
{"name":"gha-uses-commit","key":"https://github.com/softprops/action-gh-release.git:v3.0.1","version":"718ea10b132b3b2eba29c1007bb80653f286566b"}
{"name":"gha-uses-semver","key":"https://github.com/actions/checkout.git","version":"v7.0.0"}
{"name":"gha-uses-semver","key":"https://github.com/actions/setup-go.git","version":"v6.5.0"}
{"name":"gha-uses-semver","key":"https://github.com/actions/stale.git","version":"v10.3.0"}
{"name":"gha-uses-semver","key":"https://github.com/actions/upload-artifact.git","version":"v7.0.1"}
{"name":"gha-uses-semver","key":"https://github.com/anchore/sbom-action.git","version":"v0.24.0"}
{"name":"gha-uses-semver","key":"https://github.com/docker/build-push-action.git","version":"v7.2.0"}
{"name":"gha-uses-semver","key":"https://github.com/docker/login-action.git","version":"v4.2.0"}
{"name":"gha-uses-semver","key":"https://github.com/docker/setup-buildx-action.git","version":"v4.1.0"}
{"name":"gha-uses-semver","key":"https://github.com/sigstore/cosign-installer.git","version":"v4.1.2"}
{"name":"gha-uses-semver","key":"https://github.com/softprops/action-gh-release.git","version":"v3.0.1"}
{"name":"go-mod-golang-release","key":"golang-oldest","version":"1.25.0"}
{"name":"makefile-ci-distribution","key":"docker.io/library/registry","version":"3.1.1"}
{"name":"makefile-ci-zot","key":"ghcr.io/project-zot/zot-linux-amd64","version":"v2.1.18"}
{"name":"makefile-go-vulncheck","key":"https://go.googlesource.com/vuln.git","version":"v1.5.0"}
{"name":"makefile-gofumpt","key":"https://github.com/mvdan/gofumpt.git","version":"v0.10.0"}
{"name":"makefile-gomajor","key":"https://github.com/icholy/gomajor.git","version":"v0.15.0"}
{"name":"makefile-gosec","key":"https://github.com/securego/gosec.git","version":"v2.27.1"}
{"name":"makefile-markdown-lint","key":"docker.io/davidanson/markdownlint-cli2","version":"v0.22.1"}
{"name":"makefile-osv-scanner","key":"https://github.com/google/osv-scanner.git","version":"v2.4.0"}
{"name":"makefile-staticcheck","key":"https://github.com/dominikh/go-tools.git","version":"v0.7.0"}
{"name":"makefile-syft-container-digest","key":"anchore/syft:v1.46.0","version":"sha256:473a60e3a58e29aca3aedb3e99e787bb4ef273917e44d10fcbea4330a07320bb"}
{"name":"makefile-syft-container-tag","key":"anchore/syft","version":"v1.46.0"}
{"name":"makefile-syft-version","key":"docker.io/anchore/syft","version":"v1.46.0"}
{"name":"osv-golang-release","key":"docker.io/library/golang","version":"1.26.4"}
{"name":"shell-alpine-digest","key":"docker.io/library/alpine:3.24.1","version":"sha256:28bd5fe8b56d1bd048e5babf5b10710ebe0bae67db86916198a6eec434943f8b"}
{"name":"shell-alpine-tag-base","key":"docker.io/library/alpine","version":"3"}
{"name":"shell-alpine-tag-comment","key":"docker.io/library/alpine","version":"3.24.1"}
