{"name":"gha-uses-semver","key":"actions/checkout","version":"v4.1.7"}
{"name":"gha-uses-semver","key":"actions/setup-go","version":"v5.0.2"}
{"name":"gha-uses-semver","key":"actions/stale","version":"v9.0.0"}
{"name":"gha-uses-semver","key":"actions/upload-artifact","version":"v4.4.0"}
{"name":"gha-uses-semver","key":"anchore/sbom-action","version":"v0.17.2"}
{"name":"gha-uses-semver","key":"docker/build-push-action","version":"v6.7.0"}
{"name":"gha-uses-semver","key":"docker/login-action","version":"v3.3.0"}
{"name":"gha-uses-semver","key":"docker/setup-buildx-action","version":"v3.6.1"}
{"name":"gha-uses-semver","key":"github/codeql-action","version":"v3.26.6"}
{"name":"gha-uses-semver","key":"ossf/scorecard-action","version":"v2.4.0"}
{"name":"gha-uses-semver","key":"sigstore/cosign-installer","version":"v3.6.0"}
{"name":"gha-uses-semver","key":"softprops/action-gh-release","version":"v2.0.8"}
{"name":"git-commit","key":"https://github.com/awslabs/amazon-ecr-credential-helper.git:main","version":"e112906c5a2b4d632375c47776cacd1647a7558f"}
{"name":"git-commit","key":"https://github.com/grafi-tt/lunajson.git:master","version":"3d10600874527d71519b33ecbb314eb93ccd1df6"}
{"name":"git-commit","key":"https://github.com/kikito/semver.lua.git:master","version":"af495adc857d51fd1507a112be18523828a1da0d"}
{"name":"git-tag-semver","key":"github.com/GoogleCloudPlatform/docker-credential-gcr","version":"v2.1.25"}
{"name":"git-tag-semver","key":"github.com/dominikh/go-tools","version":"v0.5.1"}
{"name":"git-tag-semver","key":"github.com/google/osv-scanner","version":"v1.8.4"}
{"name":"git-tag-semver","key":"github.com/icholy/gomajor","version":"v0.13.2"}
{"name":"git-tag-semver","key":"github.com/securego/gosec","version":"v2.21.1"}
{"name":"git-tag-semver","key":"github.com/sigstore/cosign","version":"v2.4.0"}
{"name":"git-tag-semver","key":"go.googlesource.com/vuln","version":"v1.1.3"}
{"name":"github-commit-match","key":"actions/checkout:v4.1.7","version":"692973e3d937129bcbf40652eb9f2f61becf3332"}
{"name":"github-commit-match","key":"actions/setup-go:v5.0.2","version":"0a12ed9d6a96ab950c8f026ed9f722fe0da7ef32"}
{"name":"github-commit-match","key":"actions/stale:v9.0.0","version":"28ca1036281a5e5922ead5184a1bbf96e5fc984e"}
{"name":"github-commit-match","key":"actions/upload-artifact:v4.4.0","version":"50769540e7f4bd5e21e526ee35c689e35e0d6874"}
{"name":"github-commit-match","key":"anchore/sbom-action:v0.17.2","version":"61119d458adab75f756bc0b9e4bde25725f86a7a"}
{"name":"github-commit-match","key":"docker/build-push-action:v6.7.0","version":"5cd11c3a4ced054e52742c5fd54dca954e0edd85"}
{"name":"github-commit-match","key":"docker/login-action:v3.3.0","version":"9780b0c442fbb1117ed29e0efdff1e18412f7567"}
{"name":"github-commit-match","key":"docker/setup-buildx-action:v3.6.1","version":"988b5a0280414f521da01fcc63a27aeeb4b104db"}
{"name":"github-commit-match","key":"github/codeql-action:v3.26.6","version":"4dd16135b69a43b6c8efb853346f8437d92d3c93"}
{"name":"github-commit-match","key":"ossf/scorecard-action:v2.4.0","version":"62b2cac7ed8198b15735ed49ab1e5cf35480ba46"}
{"name":"github-commit-match","key":"regclient/actions:main","version":"35bc5829dd3d37ace2717971f3151894b43bfabc"}
{"name":"github-commit-match","key":"sigstore/cosign-installer:v3.6.0","version":"4959ce089c160fddf62f7b42464195ba1a56d382"}
{"name":"github-commit-match","key":"softprops/action-gh-release:v2.0.8","version":"c062e08bd532815e2082a85e87e3ef29c3e6d191"}
{"name":"registry-digest-arg-match","key":"docker.io/library/alpine:3.20.3","version":"sha256:beefdbd8a1da6d2915566fde36db9db0b524eb737fc57cd1367effd16dc0d06d"}
{"name":"registry-digest-arg-match","key":"docker.io/library/golang:1.23.1-alpine","version":"sha256:ac67716dd016429be8d4c2c53a248d7bcdf06d34127d3dc451bda6aa5a87bc06"}
{"name":"registry-digest-match","key":"anchore/syft:v1.11.1","version":"sha256:14030cb01a9bde8aa5c0061894b48c3a164dafcdc56b457efddb76156c06dc6e"}
{"name":"registry-golang-latest","key":"golang-latest","version":"1.23"}
{"name":"registry-golang-matrix","key":"golang-matrix","version":"[\"1.21\", \"1.22\", \"1.23\"]"}
{"name":"registry-golang-oldest","key":"golang-oldest","version":"1.21"}
{"name":"registry-tag-arg-semver","key":"anchore/syft","version":"v1.11.1"}
{"name":"registry-tag-arg-semver","key":"davidanson/markdownlint-cli2","version":"v0.14.0"}
{"name":"registry-tag-arg-semver","key":"docker.io/library/alpine","version":"3.20.3"}
{"name":"registry-tag-arg-semver","key":"docker.io/library/golang","version":"1.23.1"}
{"name":"registry-tag-arg-semver","key":"docker.io/library/registry","version":"2.8.3"}
{"name":"registry-tag-arg-semver","key":"ghcr.io/project-zot/zot-linux-amd64","version":"v2.1.1"}
{"name":"registry-tag-arg-semver-major","key":"docker.io/library/alpine","version":"3"}
{"name":"registry-tag-match-semver","key":"anchore/syft","version":"v1.11.1"}
